
Microsoft Visual Studio Solution File, Format Version 12.00
# Visual Studio 15
VisualStudioVersion = 15.0.27004.2005
MinimumVisualStudioVersion = 10.0.40219.1
Project("{2150E333-8FDC-42A3-9474-1A3956D46DE8}") = "UI", "UI", "{874E0284-346F-4078-9E0E-86AFBBECFBD0}"
EndProject
Project("{2150E333-8FDC-42A3-9474-1A3956D46DE8}") = "Data", "Data", "{ABD8CBB6-FA03-4FBB-ABAA-74988EDDDA4B}"
EndProject
Project("{2150E333-8FDC-42A3-9474-1A3956D46DE8}") = "Logic", "Logic", "{6EC5FFD2-8AC7-4D49-B9BB-3DD65425D15D}"
EndProject
Project("{2150E333-8FDC-42A3-9474-1A3956D46DE8}") = "CrossCutting", "CrossCutting", "{657EE3B1-3DC6-4D16-98B5-F55F049345FE}"
EndProject
Project("{FAE04EC0-301F-11D3-BF4B-00C04F79EFBC}") = "Logging", "Logging\Logging.csproj", "{E1455F23-93BD-4248-B659-F4D059674836}"
EndProject
Project("{FAE04EC0-301F-11D3-BF4B-00C04F79EFBC}") = "Security", "Security\Security.csproj", "{0C36D234-43AD-4700-B491-E01671AB6CBD}"
EndProject
Project("{FAE04EC0-301F-11D3-BF4B-00C04F79EFBC}") = "BusinessObjects", "BusinessObjects\BusinessObjects.csproj", "{A57B42DB-C0ED-4A66-A9DA-9D6851593958}"
EndProject
Project("{FAE04EC0-301F-11D3-BF4B-00C04F79EFBC}") = "DataHandling", "DataHandling\DataHandling.csproj", "{9970C159-0C74-418A-80C6-9C47F692AABC}"
EndProject
Project("{FAE04EC0-301F-11D3-BF4B-00C04F79EFBC}") = "ContractManagement", "ContractManagement\ContractManagement.csproj", "{72ACAB05-11DC-4ECF-B30C-81673A5570B2}"
EndProject
Project("{FAE04EC0-301F-11D3-BF4B-00C04F79EFBC}") = "ContractManagerApp", "ContractManagerApp\ContractManagerApp.csproj", "{FB5D2C61-8989-4CE6-900F-8D24695D2981}"
EndProject
Project("{FAE04EC0-301F-11D3-BF4B-00C04F79EFBC}") = "DataInterfaces", "DataInterfaces\DataInterfaces.csproj", "{D894D5A1-B54D-4654-BFF5-722E24A81306}"
EndProject
Global
	GlobalSection(SolutionConfigurationPlatforms) = preSolution
		Debug|Any CPU = Debug|Any CPU
		Release|Any CPU = Release|Any CPU
	EndGlobalSection
	GlobalSection(ProjectConfigurationPlatforms) = postSolution
		{E1455F23-93BD-4248-B659-F4D059674836}.Debug|Any CPU.ActiveCfg = Debug|Any CPU
		{E1455F23-93BD-4248-B659-F4D059674836}.Debug|Any CPU.Build.0 = Debug|Any CPU
		{E1455F23-93BD-4248-B659-F4D059674836}.Release|Any CPU.ActiveCfg = Release|Any CPU
		{E1455F23-93BD-4248-B659-F4D059674836}.Release|Any CPU.Build.0 = Release|Any CPU
		{0C36D234-43AD-4700-B491-E01671AB6CBD}.Debug|Any CPU.ActiveCfg = Debug|Any CPU
		{0C36D234-43AD-4700-B491-E01671AB6CBD}.Debug|Any CPU.Build.0 = Debug|Any CPU
		{0C36D234-43AD-4700-B491-E01671AB6CBD}.Release|Any CPU.ActiveCfg = Release|Any CPU
		{0C36D234-43AD-4700-B491-E01671AB6CBD}.Release|Any CPU.Build.0 = Release|Any CPU
		{A57B42DB-C0ED-4A66-A9DA-9D6851593958}.Debug|Any CPU.ActiveCfg = Debug|Any CPU
		{A57B42DB-C0ED-4A66-A9DA-9D6851593958}.Debug|Any CPU.Build.0 = Debug|Any CPU
		{A57B42DB-C0ED-4A66-A9DA-9D6851593958}.Release|Any CPU.ActiveCfg = Release|Any CPU
		{A57B42DB-C0ED-4A66-A9DA-9D6851593958}.Release|Any CPU.Build.0 = Release|Any CPU
		{9970C159-0C74-418A-80C6-9C47F692AABC}.Debug|Any CPU.ActiveCfg = Debug|Any CPU
		{9970C159-0C74-418A-80C6-9C47F692AABC}.Debug|Any CPU.Build.0 = Debug|Any CPU
		{9970C159-0C74-418A-80C6-9C47F692AABC}.Release|Any CPU.ActiveCfg = Release|Any CPU
		{9970C159-0C74-418A-80C6-9C47F692AABC}.Release|Any CPU.Build.0 = Release|Any CPU
		{72ACAB05-11DC-4ECF-B30C-81673A5570B2}.Debug|Any CPU.ActiveCfg = Debug|Any CPU
		{72ACAB05-11DC-4ECF-B30C-81673A5570B2}.Debug|Any CPU.Build.0 = Debug|Any CPU
		{72ACAB05-11DC-4ECF-B30C-81673A5570B2}.Release|Any CPU.ActiveCfg = Release|Any CPU
		{72ACAB05-11DC-4ECF-B30C-81673A5570B2}.Release|Any CPU.Build.0 = Release|Any CPU
		{FB5D2C61-8989-4CE6-900F-8D24695D2981}.Debug|Any CPU.ActiveCfg = Debug|Any CPU
		{FB5D2C61-8989-4CE6-900F-8D24695D2981}.Debug|Any CPU.Build.0 = Debug|Any CPU
		{FB5D2C61-8989-4CE6-900F-8D24695D2981}.Release|Any CPU.ActiveCfg = Release|Any CPU
		{FB5D2C61-8989-4CE6-900F-8D24695D2981}.Release|Any CPU.Build.0 = Release|Any CPU
		{D894D5A1-B54D-4654-BFF5-722E24A81306}.Debug|Any CPU.ActiveCfg = Debug|Any CPU
		{D894D5A1-B54D-4654-BFF5-722E24A81306}.Debug|Any CPU.Build.0 = Debug|Any CPU
		{D894D5A1-B54D-4654-BFF5-722E24A81306}.Release|Any CPU.ActiveCfg = Release|Any CPU
		{D894D5A1-B54D-4654-BFF5-722E24A81306}.Release|Any CPU.Build.0 = Release|Any CPU
	EndGlobalSection
	GlobalSection(SolutionProperties) = preSolution
		HideSolutionNode = FALSE
	EndGlobalSection
	GlobalSection(NestedProjects) = preSolution
		{E1455F23-93BD-4248-B659-F4D059674836} = {657EE3B1-3DC6-4D16-98B5-F55F049345FE}
		{0C36D234-43AD-4700-B491-E01671AB6CBD} = {657EE3B1-3DC6-4D16-98B5-F55F049345FE}
		{A57B42DB-C0ED-4A66-A9DA-9D6851593958} = {657EE3B1-3DC6-4D16-98B5-F55F049345FE}
		{9970C159-0C74-418A-80C6-9C47F692AABC} = {ABD8CBB6-FA03-4FBB-ABAA-74988EDDDA4B}
		{72ACAB05-11DC-4ECF-B30C-81673A5570B2} = {6EC5FFD2-8AC7-4D49-B9BB-3DD65425D15D}
		{FB5D2C61-8989-4CE6-900F-8D24695D2981} = {874E0284-346F-4078-9E0E-86AFBBECFBD0}
		{D894D5A1-B54D-4654-BFF5-722E24A81306} = {ABD8CBB6-FA03-4FBB-ABAA-74988EDDDA4B}
	EndGlobalSection
	GlobalSection(ExtensibilityGlobals) = postSolution
		SolutionGuid = {61CA4168-04C1-413A-8600-0EEB59AD02B3}
	EndGlobalSection
EndGlobal
